// !$*UTF8*$!
{
	archiveVersion = 1;
	classes = {};
	objectVersion = 60;
	objects = {
		F581B72127F52136210BED03 /* OpenSourceShelfApp.swift */ = {
			isa = PBXFileReference;
			lastKnownFileType = sourcecode.swift;
			name = "OpenSourceShelfApp.swift";
			path = "OpenSourceShelf/OpenSourceShelfApp.swift";
			sourceTree = SOURCE_ROOT;
		};
		5835EAF30D87A0DEBAE75DCD /* SeedData.swift */ = {
			isa = PBXFileReference;
			lastKnownFileType = sourcecode.swift;
			name = "SeedData.swift";
			path = "OpenSourceShelf/SeedData/SeedData.swift";
			sourceTree = SOURCE_ROOT;
		};
		FBE2E820F2F24C417942A420 /* AppSettings.swift */ = {
			isa = PBXFileReference;
			lastKnownFileType = sourcecode.swift;
			name = "AppSettings.swift";
			path = "OpenSourceShelf/Models/AppSettings.swift";
			sourceTree = SOURCE_ROOT;
		};
		E14FFF135E1C32F7E41B3958 /* ProjectStatus.swift */ = {
			isa = PBXFileReference;
			lastKnownFileType = sourcecode.swift;
			name = "ProjectStatus.swift";
			path = "OpenSourceShelf/Models/ProjectStatus.swift";
			sourceTree = SOURCE_ROOT;
		};
		868BD8CBD1E0AA395EAD3A6F /* SidebarItem.swift */ = {
			isa = PBXFileReference;
			lastKnownFileType = sourcecode.swift;
			name = "SidebarItem.swift";
			path = "OpenSourceShelf/Models/SidebarItem.swift";
			sourceTree = SOURCE_ROOT;
		};
		37F255F7393A8F75EB2F40DD /* ToolProject.swift */ = {
			isa = PBXFileReference;
			lastKnownFileType = sourcecode.swift;
			name = "ToolProject.swift";
			path = "OpenSourceShelf/Models/ToolProject.swift";
			sourceTree = SOURCE_ROOT;
		};
		LAB1REF01234567890ABCDEF01 /* LabsFeatures.swift */ = {
			isa = PBXFileReference;
			lastKnownFileType = sourcecode.swift;
			name = "LabsFeatures.swift";
			path = "OpenSourceShelf/Models/LabsFeatures.swift";
			sourceTree = SOURCE_ROOT;
		};
		CLS1REF01234567890ABCDEF01 /* CatalogListSelection.swift */ = {
			isa = PBXFileReference;
			lastKnownFileType = sourcecode.swift;
			name = "CatalogListSelection.swift";
			path = "OpenSourceShelf/Models/CatalogListSelection.swift";
			sourceTree = SOURCE_ROOT;
		};
		A52E8C5B37CE17A44D88EA70 /* EmbeddingChunkRecord.swift */ = {
			isa = PBXFileReference;
			lastKnownFileType = sourcecode.swift;
			name = "EmbeddingChunkRecord.swift";
			path = "OpenSourceShelf/Models/Embeddings/EmbeddingChunkRecord.swift";
			sourceTree = SOURCE_ROOT;
		};
		3D424D9388C5E6281CE10735 /* SemanticSearchCacheRecord.swift */ = {
			isa = PBXFileReference;
			lastKnownFileType = sourcecode.swift;
			name = "SemanticSearchCacheRecord.swift";
			path = "OpenSourceShelf/Models/Embeddings/SemanticSearchCacheRecord.swift";
			sourceTree = SOURCE_ROOT;
		};
		D6764E798CF4E16BDB8B88A6 /* AIInsightRecord.swift */ = {
			isa = PBXFileReference;
			lastKnownFileType = sourcecode.swift;
			name = "AIInsightRecord.swift";
			path = "OpenSourceShelf/Models/Intelligence/AIInsightRecord.swift";
			sourceTree = SOURCE_ROOT;
		};
		01DD0CEBD5343C0C44787E9D /* CloneStateRecord.swift */ = {
			isa = PBXFileReference;
			lastKnownFileType = sourcecode.swift;
			name = "CloneStateRecord.swift";
			path = "OpenSourceShelf/Models/Intelligence/CloneStateRecord.swift";
			sourceTree = SOURCE_ROOT;
		};
		E6D585838F452FA171500408 /* DetectedStackItemRecord.swift */ = {
			isa = PBXFileReference;
			lastKnownFileType = sourcecode.swift;
			name = "DetectedStackItemRecord.swift";
			path = "OpenSourceShelf/Models/Intelligence/DetectedStackItemRecord.swift";
			sourceTree = SOURCE_ROOT;
		};
		5F59F9A622EF5A00C6DC42B2 /* IngestionJobRecord.swift */ = {
			isa = PBXFileReference;
			lastKnownFileType = sourcecode.swift;
			name = "IngestionJobRecord.swift";
			path = "OpenSourceShelf/Models/Intelligence/IngestionJobRecord.swift";
			sourceTree = SOURCE_ROOT;
		};
		E18DD45452C599F7613F258D /* QueueJobSummary.swift */ = {
			isa = PBXFileReference;
			lastKnownFileType = sourcecode.swift;
			name = "QueueJobSummary.swift";
			path = "OpenSourceShelf/Models/Intelligence/QueueJobSummary.swift";
			sourceTree = SOURCE_ROOT;
		};
		EDA878E57DCDCE82A2E171CD /* RepositoryFileRecord.swift */ = {
			isa = PBXFileReference;
			lastKnownFileType = sourcecode.swift;
			name = "RepositoryFileRecord.swift";
			path = "OpenSourceShelf/Models/Intelligence/RepositoryFileRecord.swift";
			sourceTree = SOURCE_ROOT;
		};
		AAC7A6E12C7DD13CC3DDB160 /* RepositoryManifestRecord.swift */ = {
			isa = PBXFileReference;
			lastKnownFileType = sourcecode.swift;
			name = "RepositoryManifestRecord.swift";
			path = "OpenSourceShelf/Models/Intelligence/RepositoryManifestRecord.swift";
			sourceTree = SOURCE_ROOT;
		};
		4CB083F8AA79491C629CA857 /* RepositoryMetadataRecord.swift */ = {
			isa = PBXFileReference;
			lastKnownFileType = sourcecode.swift;
			name = "RepositoryMetadataRecord.swift";
			path = "OpenSourceShelf/Models/Intelligence/RepositoryMetadataRecord.swift";
			sourceTree = SOURCE_ROOT;
		};
		64D2374F43F4F300343BE1E7 /* RepositoryRecord.swift */ = {
			isa = PBXFileReference;
			lastKnownFileType = sourcecode.swift;
			name = "RepositoryRecord.swift";
			path = "OpenSourceShelf/Models/Intelligence/RepositoryRecord.swift";
			sourceTree = SOURCE_ROOT;
		};
		8ABACC5D7C84C4808E8B3CEE /* RepositoryRunbookRecord.swift */ = {
			isa = PBXFileReference;
			lastKnownFileType = sourcecode.swift;
			name = "RepositoryRunbookRecord.swift";
			path = "OpenSourceShelf/Models/Intelligence/RepositoryRunbookRecord.swift";
			sourceTree = SOURCE_ROOT;
		};
		FE0D5A128D3A9931CFBB22BA /* RepositoryScoreRecord.swift */ = {
			isa = PBXFileReference;
			lastKnownFileType = sourcecode.swift;
			name = "RepositoryScoreRecord.swift";
			path = "OpenSourceShelf/Models/Intelligence/RepositoryScoreRecord.swift";
			sourceTree = SOURCE_ROOT;
		};
		0A45B098DA4903F036451B15 /* RunbookDeepLink.swift */ = {
			isa = PBXFileReference;
			lastKnownFileType = sourcecode.swift;
			name = "RunbookDeepLink.swift";
			path = "OpenSourceShelf/Models/Intelligence/RunbookDeepLink.swift";
			sourceTree = SOURCE_ROOT;
		};
		531E90E31DFAF8ED452738EF /* CatalogIntelligenceState.swift */ = {
			isa = PBXFileReference;
			lastKnownFileType = sourcecode.swift;
			name = "CatalogIntelligenceState.swift";
			path = "OpenSourceShelf/Models/Catalog/CatalogIntelligenceState.swift";
			sourceTree = SOURCE_ROOT;
		};
		DD0C372CC45921B00B25CB56 /* CatalogIntelligenceStatus.swift */ = {
			isa = PBXFileReference;
			lastKnownFileType = sourcecode.swift;
			name = "CatalogIntelligenceStatus.swift";
			path = "OpenSourceShelf/Models/Catalog/CatalogIntelligenceStatus.swift";
			sourceTree = SOURCE_ROOT;
		};
		6EE4135EE0D8F4F50759D0FF /* CatalogRunbookFilter.swift */ = {
			isa = PBXFileReference;
			lastKnownFileType = sourcecode.swift;
			name = "CatalogRunbookFilter.swift";
			path = "OpenSourceShelf/Models/Catalog/CatalogRunbookFilter.swift";
			sourceTree = SOURCE_ROOT;
		};
		E579B793830D98DB931CE8A8 /* GraphEdge.swift */ = {
			isa = PBXFileReference;
			lastKnownFileType = sourcecode.swift;
			name = "GraphEdge.swift";
			path = "OpenSourceShelf/Models/Graph/GraphEdge.swift";
			sourceTree = SOURCE_ROOT;
		};
		4406C0E2B0C3F9EAD4EF2E86 /* GraphLayoutCacheRecord.swift */ = {
			isa = PBXFileReference;
			lastKnownFileType = sourcecode.swift;
			name = "GraphLayoutCacheRecord.swift";
			path = "OpenSourceShelf/Models/Graph/GraphLayoutCacheRecord.swift";
			sourceTree = SOURCE_ROOT;
		};
		8557044D32AE50396BF3D3AA /* GraphNode.swift */ = {
			isa = PBXFileReference;
			lastKnownFileType = sourcecode.swift;
			name = "GraphNode.swift";
			path = "OpenSourceShelf/Models/Graph/GraphNode.swift";
			sourceTree = SOURCE_ROOT;
		};
		058D2B85D572C813055694FB /* ExplorationIndexEntryRecord.swift */ = {
			isa = PBXFileReference;
			lastKnownFileType = sourcecode.swift;
			name = "ExplorationIndexEntryRecord.swift";
			path = "OpenSourceShelf/Models/Exploration/ExplorationIndexEntryRecord.swift";
			sourceTree = SOURCE_ROOT;
		};
		BB6B6F1B82553D9F614693EB /* ExplorationQueryRecord.swift */ = {
			isa = PBXFileReference;
			lastKnownFileType = sourcecode.swift;
			name = "ExplorationQueryRecord.swift";
			path = "OpenSourceShelf/Models/Exploration/ExplorationQueryRecord.swift";
			sourceTree = SOURCE_ROOT;
		};
		BD3D51CC7FC65E54C4A44CFD /* RepositoryRecommendationRecord.swift */ = {
			isa = PBXFileReference;
			lastKnownFileType = sourcecode.swift;
			name = "RepositoryRecommendationRecord.swift";
			path = "OpenSourceShelf/Models/Recommendations/RepositoryRecommendationRecord.swift";
			sourceTree = SOURCE_ROOT;
		};
		8FE75955EA59BA490F5CB342 /* RepositoryComparisonModel.swift */ = {
			isa = PBXFileReference;
			lastKnownFileType = sourcecode.swift;
			name = "RepositoryComparisonModel.swift";
			path = "OpenSourceShelf/Models/Compare/RepositoryComparisonModel.swift";
			sourceTree = SOURCE_ROOT;
		};
		56A3B01F4ED4E8B6EC3C8FE7 /* EcosystemClusterRecord.swift */ = {
			isa = PBXFileReference;
			lastKnownFileType = sourcecode.swift;
			name = "EcosystemClusterRecord.swift";
			path = "OpenSourceShelf/Models/Ecosystems/EcosystemClusterRecord.swift";
			sourceTree = SOURCE_ROOT;
		};
		8E8C0D2D278A4F10E4F2006F /* IntelligenceDatabase.swift */ = {
			isa = PBXFileReference;
			lastKnownFileType = sourcecode.swift;
			name = "IntelligenceDatabase.swift";
			path = "OpenSourceShelf/Persistence/IntelligenceDatabase.swift";
			sourceTree = SOURCE_ROOT;
		};
		A4C3FBD350354C15CD25D4C1 /* IntelligenceMigrations.swift */ = {
			isa = PBXFileReference;
			lastKnownFileType = sourcecode.swift;
			name = "IntelligenceMigrations.swift";
			path = "OpenSourceShelf/Persistence/IntelligenceMigrations.swift";
			sourceTree = SOURCE_ROOT;
		};
		3C99B3F72AA294BDE04C273B /* VectorMath.swift */ = {
			isa = PBXFileReference;
			lastKnownFileType = sourcecode.swift;
			name = "VectorMath.swift";
			path = "OpenSourceShelf/Persistence/VectorIndex/VectorMath.swift";
			sourceTree = SOURCE_ROOT;
		};
		EB786603BBB0BDBED26DFAA5 /* AddProjectSheet.swift */ = {
			isa = PBXFileReference;
			lastKnownFileType = sourcecode.swift;
			name = "AddProjectSheet.swift";
			path = "OpenSourceShelf/Views/AddProjectSheet.swift";
			sourceTree = SOURCE_ROOT;
		};
		E0ABEAC1B1EDF262B954C1D2 /* ContentView.swift */ = {
			isa = PBXFileReference;
			lastKnownFileType = sourcecode.swift;
			name = "ContentView.swift";
			path = "OpenSourceShelf/Views/ContentView.swift";
			sourceTree = SOURCE_ROOT;
		};
		C1A2F301234567890ABCDEF01 /* CatalogInspectorPane.swift */ = {
			isa = PBXFileReference;
			lastKnownFileType = sourcecode.swift;
			name = "CatalogInspectorPane.swift";
			path = "OpenSourceShelf/Views/Catalog/CatalogInspectorPane.swift";
			sourceTree = SOURCE_ROOT;
		};
		Q7M3N001234567890ABCDEF02 /* QueueMenuPresentationState.swift */ = {
			isa = PBXFileReference;
			lastKnownFileType = sourcecode.swift;
			name = "QueueMenuPresentationState.swift";
			path = "OpenSourceShelf/Services/QueueMenuPresentationState.swift";
			sourceTree = SOURCE_ROOT;
		};
		DC94FFEC40C505E458DF2D8E /* EditProjectSheet.swift */ = {
			isa = PBXFileReference;
			lastKnownFileType = sourcecode.swift;
			name = "EditProjectSheet.swift";
			path = "OpenSourceShelf/Views/EditProjectSheet.swift";
			sourceTree = SOURCE_ROOT;
		};
		08AA80B2ED996532C6A706ED /* InspectView.swift */ = {
			isa = PBXFileReference;
			lastKnownFileType = sourcecode.swift;
			name = "InspectView.swift";
			path = "OpenSourceShelf/Views/InspectView.swift";
			sourceTree = SOURCE_ROOT;
		};
		9DBC736C4AFEEAF6F58693F5 /* MainWindowChromeConfigurator.swift */ = {
			isa = PBXFileReference;
			lastKnownFileType = sourcecode.swift;
			name = "MainWindowChromeConfigurator.swift";
			path = "OpenSourceShelf/Views/MainWindowChromeConfigurator.swift";
			sourceTree = SOURCE_ROOT;
		};
		ED23E12287561711F05EC690 /* ProjectListView.swift */ = {
			isa = PBXFileReference;
			lastKnownFileType = sourcecode.swift;
			name = "ProjectListView.swift";
			path = "OpenSourceShelf/Views/ProjectListView.swift";
			sourceTree = SOURCE_ROOT;
		};
		F9737B2E8F5B37D7E92FE74B /* QueueInspectorView.swift */ = {
			isa = PBXFileReference;
			lastKnownFileType = sourcecode.swift;
			name = "QueueInspectorView.swift";
			path = "OpenSourceShelf/Views/QueueInspectorView.swift";
			sourceTree = SOURCE_ROOT;
		};
		4F36778795FA792FDAD02220 /* QueueView.swift */ = {
			isa = PBXFileReference;
			lastKnownFileType = sourcecode.swift;
			name = "QueueView.swift";
			path = "OpenSourceShelf/Views/QueueView.swift";
			sourceTree = SOURCE_ROOT;
		};
		Q8W1N001234567890ABCDEF03 /* QueueWindowBridge.swift */ = {
			isa = PBXFileReference;
			lastKnownFileType = sourcecode.swift;
			name = "QueueWindowBridge.swift";
			path = "OpenSourceShelf/Views/QueueWindowBridge.swift";
			sourceTree = SOURCE_ROOT;
		};
		RBW1REF01234567890ABCDEF01 /* RunbookWindowPresentation.swift */ = {
			isa = PBXFileReference;
			lastKnownFileType = sourcecode.swift;
			name = "RunbookWindowPresentation.swift";
			path = "OpenSourceShelf/Services/Runbooks/RunbookWindowPresentation.swift";
			sourceTree = SOURCE_ROOT;
		};
		RBW2REF01234567890ABCDEF02 /* RunbookWindowView.swift */ = {
			isa = PBXFileReference;
			lastKnownFileType = sourcecode.swift;
			name = "RunbookWindowView.swift";
			path = "OpenSourceShelf/Views/Runbooks/RunbookWindowView.swift";
			sourceTree = SOURCE_ROOT;
		};
		RBW3REF01234567890ABCDEF03 /* RunbookWindowBridge.swift */ = {
			isa = PBXFileReference;
			lastKnownFileType = sourcecode.swift;
			name = "RunbookWindowBridge.swift";
			path = "OpenSourceShelf/Views/Runbooks/RunbookWindowBridge.swift";
			sourceTree = SOURCE_ROOT;
		};
		RD01F001234567890ABCDEF09 /* ResizeDivider.swift */ = {
			isa = PBXFileReference;
			lastKnownFileType = sourcecode.swift;
			name = "ResizeDivider.swift";
			path = "OpenSourceShelf/Views/Components/ResizeDivider.swift";
		};
		CP01F001234567890ABCDEF10 /* CommandPaletteView.swift */ = {
			isa = PBXFileReference;
			lastKnownFileType = sourcecode.swift;
			name = "CommandPaletteView.swift";
			path = "OpenSourceShelf/Views/Components/CommandPaletteView.swift";
		};
		R9S4F001234567890ABCDEF08 /* CollapsedSidebarRail.swift */ = {
			isa = PBXFileReference;
			lastKnownFileType = sourcecode.swift;
			name = "CollapsedSidebarRail.swift";
			path = "OpenSourceShelf/Views/Components/CollapsedSidebarRail.swift";
			sourceTree = SOURCE_ROOT;
		};
		R9S1F001234567890ABCDEF04 /* ReshelfBrandHeader.swift */ = {
			isa = PBXFileReference;
			lastKnownFileType = sourcecode.swift;
			name = "ReshelfBrandHeader.swift";
			path = "OpenSourceShelf/Views/Components/ReshelfBrandHeader.swift";
			sourceTree = SOURCE_ROOT;
		};
		R9S2F001234567890ABCDEF05 /* ReshelfBrandImage.swift */ = {
			isa = PBXFileReference;
			lastKnownFileType = sourcecode.swift;
			name = "ReshelfBrandImage.swift";
			path = "OpenSourceShelf/Views/Components/ReshelfBrandImage.swift";
			sourceTree = SOURCE_ROOT;
		};
		R9S3F001234567890ABCDEF06 /* CatalogMenuNotifications.swift */ = {
			isa = PBXFileReference;
			lastKnownFileType = sourcecode.swift;
			name = "CatalogMenuNotifications.swift";
			path = "OpenSourceShelf/Services/CatalogMenuNotifications.swift";
			sourceTree = SOURCE_ROOT;
		};
		R9R2F001234567890ABCDEF09 /* AppIcon.icns */ = {
			isa = PBXFileReference;
			lastKnownFileType = image.icns;
			name = "AppIcon.icns";
			path = "OpenSourceShelf/AppIcon.icns";
			sourceTree = SOURCE_ROOT;
		};
		R9R1F001234567890ABCDEF07 /* ReshelfBrand.png */ = {
			isa = PBXFileReference;
			lastKnownFileType = image.png;
			name = "ReshelfBrand.png";
			path = "OpenSourceShelf/Resources/ReshelfBrand.png";
			sourceTree = SOURCE_ROOT;
		};
		SK1LF001234567890ABCDE01 /* reshelf-skill */ = {
			isa = PBXFileReference;
			lastKnownFileType = folder;
			name = "reshelf-skill";
			path = "extras/reshelf-skill";
			sourceTree = SOURCE_ROOT;
		};
		12114FB947EC0105FC94A269 /* QuickCaptureSheet.swift */ = {
			isa = PBXFileReference;
			lastKnownFileType = sourcecode.swift;
			name = "QuickCaptureSheet.swift";
			path = "OpenSourceShelf/Views/QuickCaptureSheet.swift";
			sourceTree = SOURCE_ROOT;
		};
		CE03F1A2B3C4D5E6F7080003 /* ImportURLsSheet.swift */ = {
			isa = PBXFileReference;
			lastKnownFileType = sourcecode.swift;
			name = "ImportURLsSheet.swift";
			path = "OpenSourceShelf/Views/ImportURLsSheet.swift";
			sourceTree = SOURCE_ROOT;
		};
		CE05F1A2B3C4D5E6F7080005 /* CatalogBackupService.swift */ = {
			isa = PBXFileReference;
			lastKnownFileType = sourcecode.swift;
			name = "CatalogBackupService.swift";
			path = "OpenSourceShelf/Services/CatalogBackupService.swift";
			sourceTree = SOURCE_ROOT;
		};
		CE09F1A2B3C4D5E6F7080009 /* CatalogCloneService.swift */ = {
			isa = PBXFileReference;
			lastKnownFileType = sourcecode.swift;
			name = "CatalogCloneService.swift";
			path = "OpenSourceShelf/Services/CatalogCloneService.swift";
			sourceTree = SOURCE_ROOT;
		};
		IMPCAT01234567890ABCDEF01 /* CatalogImportService.swift */ = {
			isa = PBXFileReference;
			lastKnownFileType = sourcecode.swift;
			name = "CatalogImportService.swift";
			path = "OpenSourceShelf/Services/CatalogImportService.swift";
			sourceTree = SOURCE_ROOT;
		};
		LUPD00011234567890ABCD /* LastUpdatedBackfillService.swift */ = {
			isa = PBXFileReference;
			lastKnownFileType = sourcecode.swift;
			name = "LastUpdatedBackfillService.swift";
			path = "OpenSourceShelf/Services/LastUpdatedBackfillService.swift";
			sourceTree = SOURCE_ROOT;
		};
		LUPD00001234567890ABCD /* GitHubDate.swift */ = {
			isa = PBXFileReference;
			lastKnownFileType = sourcecode.swift;
			name = "GitHubDate.swift";
			path = "OpenSourceShelf/Services/GitHubDate.swift";
			sourceTree = SOURCE_ROOT;
		};
		5PARKLE0004234567890ABCD /* UpdaterService.swift */ = {
			isa = PBXFileReference;
			lastKnownFileType = sourcecode.swift;
			name = "UpdaterService.swift";
			path = "OpenSourceShelf/Services/UpdaterService.swift";
			sourceTree = SOURCE_ROOT;
		};
		CE07F1A2B3C4D5E6F7080007 /* RestoreBackupSheet.swift */ = {
			isa = PBXFileReference;
			lastKnownFileType = sourcecode.swift;
			name = "RestoreBackupSheet.swift";
			path = "OpenSourceShelf/Views/RestoreBackupSheet.swift";
			sourceTree = SOURCE_ROOT;
		};
		IMPCAT01234567890ABCDEF03 /* ImportCatalogSheet.swift */ = {
			isa = PBXFileReference;
			lastKnownFileType = sourcecode.swift;
			name = "ImportCatalogSheet.swift";
			path = "OpenSourceShelf/Views/ImportCatalogSheet.swift";
			sourceTree = SOURCE_ROOT;
		};
		765C2FE2DBD8E6A07C7B8D3F /* SettingsView.swift */ = {
			isa = PBXFileReference;
			lastKnownFileType = sourcecode.swift;
			name = "SettingsView.swift";
			path = "OpenSourceShelf/Views/SettingsView.swift";
			sourceTree = SOURCE_ROOT;
		};
		24DDEBD0F1DEECC3B4961BA5 /* SidebarView.swift */ = {
			isa = PBXFileReference;
			lastKnownFileType = sourcecode.swift;
			name = "SidebarView.swift";
			path = "OpenSourceShelf/Views/SidebarView.swift";
			sourceTree = SOURCE_ROOT;
		};
		D4C2412ABE93DE242AA46D62 /* CatalogRunbookBadgeView.swift */ = {
			isa = PBXFileReference;
			lastKnownFileType = sourcecode.swift;
			name = "CatalogRunbookBadgeView.swift";
			path = "OpenSourceShelf/Views/Catalog/CatalogRunbookBadgeView.swift";
			sourceTree = SOURCE_ROOT;
		};
		8341826173D83305FCF387B0 /* IntelligenceStatusChip.swift */ = {
			isa = PBXFileReference;
			lastKnownFileType = sourcecode.swift;
			name = "IntelligenceStatusChip.swift";
			path = "OpenSourceShelf/Views/Catalog/IntelligenceStatusChip.swift";
			sourceTree = SOURCE_ROOT;
		};
		DAED28312AC2FD31548101C1 /* RunbookCompletionBannerView.swift */ = {
			isa = PBXFileReference;
			lastKnownFileType = sourcecode.swift;
			name = "RunbookCompletionBannerView.swift";
			path = "OpenSourceShelf/Views/Catalog/RunbookCompletionBannerView.swift";
			sourceTree = SOURCE_ROOT;
		};
		7B5FECF40CFEE7E479D3626C /* RunbookRenderedMarkdownView.swift */ = {
			isa = PBXFileReference;
			lastKnownFileType = sourcecode.swift;
			name = "RunbookRenderedMarkdownView.swift";
			path = "OpenSourceShelf/Views/Runbooks/RunbookRenderedMarkdownView.swift";
			sourceTree = SOURCE_ROOT;
		};
		3D7566202D3A7F878D868F3D /* RunbookSectionView.swift */ = {
			isa = PBXFileReference;
			lastKnownFileType = sourcecode.swift;
			name = "RunbookSectionView.swift";
			path = "OpenSourceShelf/Views/Runbooks/RunbookSectionView.swift";
			sourceTree = SOURCE_ROOT;
		};
		CE09123DA955E45099B53153 /* Components.swift */ = {
			isa = PBXFileReference;
			lastKnownFileType = sourcecode.swift;
			name = "Components.swift";
			path = "OpenSourceShelf/Views/Components/Components.swift";
			sourceTree = SOURCE_ROOT;
		};
		3203B68512C55908255879E3 /* ProjectIcon.swift */ = {
			isa = PBXFileReference;
			lastKnownFileType = sourcecode.swift;
			name = "ProjectIcon.swift";
			path = "OpenSourceShelf/Views/Components/ProjectIcon.swift";
			sourceTree = SOURCE_ROOT;
		};
		47416AA68AE688A1778CB490 /* ShelfLayout.swift */ = {
			isa = PBXFileReference;
			lastKnownFileType = sourcecode.swift;
			name = "ShelfLayout.swift";
			path = "OpenSourceShelf/Views/Components/ShelfLayout.swift";
			sourceTree = SOURCE_ROOT;
		};
		35785C47030D8FBABA88AF9A /* CompareInspectorView.swift */ = {
			isa = PBXFileReference;
			lastKnownFileType = sourcecode.swift;
			name = "CompareInspectorView.swift";
			path = "OpenSourceShelf/Views/Compare/CompareInspectorView.swift";
			sourceTree = SOURCE_ROOT;
		};
		D823DE0B56FBBE9EA46D8CB4 /* CompareMatrixView.swift */ = {
			isa = PBXFileReference;
			lastKnownFileType = sourcecode.swift;
			name = "CompareMatrixView.swift";
			path = "OpenSourceShelf/Views/Compare/CompareMatrixView.swift";
			sourceTree = SOURCE_ROOT;
		};
		13E0CC7C9B7B221A827AD99F /* ComparePickerView.swift */ = {
			isa = PBXFileReference;
			lastKnownFileType = sourcecode.swift;
			name = "ComparePickerView.swift";
			path = "OpenSourceShelf/Views/Compare/ComparePickerView.swift";
			sourceTree = SOURCE_ROOT;
		};
		3C775288E5A7C4EAE2680D52 /* CompareView.swift */ = {
			isa = PBXFileReference;
			lastKnownFileType = sourcecode.swift;
			name = "CompareView.swift";
			path = "OpenSourceShelf/Views/Compare/CompareView.swift";
			sourceTree = SOURCE_ROOT;
		};
		7A9C8E3EE1B7EA37ECA3494A /* EcosystemDiscoveryView.swift */ = {
			isa = PBXFileReference;
			lastKnownFileType = sourcecode.swift;
			name = "EcosystemDiscoveryView.swift";
			path = "OpenSourceShelf/Views/Ecosystems/EcosystemDiscoveryView.swift";
			sourceTree = SOURCE_ROOT;
		};
		07D2AD6B75DA37AAD823A7F8 /* IconFetcher.swift */ = {
			isa = PBXFileReference;
			lastKnownFileType = sourcecode.swift;
			name = "IconFetcher.swift";
			path = "OpenSourceShelf/Services/IconFetcher.swift";
			sourceTree = SOURCE_ROOT;
		};
		D4FACC71205A0F08A3FCA160 /* OllamaService.swift */ = {
			isa = PBXFileReference;
			lastKnownFileType = sourcecode.swift;
			name = "OllamaService.swift";
			path = "OpenSourceShelf/Services/OllamaService.swift";
			sourceTree = SOURCE_ROOT;
		};
		AIP1REF01234567890ABCDEF01 /* AIProviderKind.swift */ = {
			isa = PBXFileReference;
			lastKnownFileType = sourcecode.swift;
			name = "AIProviderKind.swift";
			path = "OpenSourceShelf/Models/AIProviderKind.swift";
			sourceTree = SOURCE_ROOT;
		};
		AIP2REF01234567890ABCDEF02 /* AIProviderCredentialStore.swift */ = {
			isa = PBXFileReference;
			lastKnownFileType = sourcecode.swift;
			name = "AIProviderCredentialStore.swift";
			path = "OpenSourceShelf/Services/AI/AIProviderCredentialStore.swift";
			sourceTree = SOURCE_ROOT;
		};
		AIP3REF01234567890ABCDEF03 /* CloudAICompletionService.swift */ = {
			isa = PBXFileReference;
			lastKnownFileType = sourcecode.swift;
			name = "CloudAICompletionService.swift";
			path = "OpenSourceShelf/Services/AI/CloudAICompletionService.swift";
			sourceTree = SOURCE_ROOT;
		};
		AIP4REF01234567890ABCDEF04 /* AICompletionService.swift */ = {
			isa = PBXFileReference;
			lastKnownFileType = sourcecode.swift;
			name = "AICompletionService.swift";
			path = "OpenSourceShelf/Services/AI/AICompletionService.swift";
			sourceTree = SOURCE_ROOT;
		};
		AIP5REF01234567890ABCDEF05 /* AISettingsSnapshot.swift */ = {
			isa = PBXFileReference;
			lastKnownFileType = sourcecode.swift;
			name = "AISettingsSnapshot.swift";
			path = "OpenSourceShelf/Services/AI/AISettingsSnapshot.swift";
			sourceTree = SOURCE_ROOT;
		};
		AIP7REF01234567890ABCDEF07 /* AppleIntelligenceService.swift */ = {
			isa = PBXFileReference;
			lastKnownFileType = sourcecode.swift;
			name = "AppleIntelligenceService.swift";
			path = "OpenSourceShelf/Services/AI/AppleIntelligenceService.swift";
			sourceTree = SOURCE_ROOT;
		};
		AIP6REF01234567890ABCDEF06 /* CloudAIProviderSettingsCard.swift */ = {
			isa = PBXFileReference;
			lastKnownFileType = sourcecode.swift;
			name = "CloudAIProviderSettingsCard.swift";
			path = "OpenSourceShelf/Views/Settings/CloudAIProviderSettingsCard.swift";
			sourceTree = SOURCE_ROOT;
		};
		237E7AA00468CB92FB2FC0A4 /* QuickCaptureService.swift */ = {
			isa = PBXFileReference;
			lastKnownFileType = sourcecode.swift;
			name = "QuickCaptureService.swift";
			path = "OpenSourceShelf/Services/QuickCaptureService.swift";
			sourceTree = SOURCE_ROOT;
		};
		CE01F1A2B3C4D5E6F7080001 /* CatalogExportService.swift */ = {
			isa = PBXFileReference;
			lastKnownFileType = sourcecode.swift;
			name = "CatalogExportService.swift";
			path = "OpenSourceShelf/Services/CatalogExportService.swift";
			sourceTree = SOURCE_ROOT;
		};
		CC01A2B3D4E5F60789ABCDE0 /* CategoryClassifier.swift */ = {
			isa = PBXFileReference;
			lastKnownFileType = sourcecode.swift;
			name = "CategoryClassifier.swift";
			path = "OpenSourceShelf/Services/CategoryClassifier.swift";
			sourceTree = SOURCE_ROOT;
		};
		011EDAC97AD3411BF259663B /* GitHubRepositoryURL.swift */ = {
			isa = PBXFileReference;
			lastKnownFileType = sourcecode.swift;
			name = "GitHubRepositoryURL.swift";
			path = "OpenSourceShelf/Services/Ingestion/GitHubRepositoryURL.swift";
			sourceTree = SOURCE_ROOT;
		};
		CAB6FC28BA83F90F9A18E66C /* RepositoryCloneService.swift */ = {
			isa = PBXFileReference;
			lastKnownFileType = sourcecode.swift;
			name = "RepositoryCloneService.swift";
			path = "OpenSourceShelf/Services/Ingestion/RepositoryCloneService.swift";
			sourceTree = SOURCE_ROOT;
		};
		7B1335C2DE6DAD98FE5609C2 /* RepositoryIngestionService.swift */ = {
			isa = PBXFileReference;
			lastKnownFileType = sourcecode.swift;
			name = "RepositoryIngestionService.swift";
			path = "OpenSourceShelf/Services/Ingestion/RepositoryIngestionService.swift";
			sourceTree = SOURCE_ROOT;
		};
		2BB066C8C2214BE74AC5968E /* CatalogIntelligenceIngestionService.swift */ = {
			isa = PBXFileReference;
			lastKnownFileType = sourcecode.swift;
			name = "CatalogIntelligenceIngestionService.swift";
			path = "OpenSourceShelf/Services/Catalog/CatalogIntelligenceIngestionService.swift";
			sourceTree = SOURCE_ROOT;
		};
		A1B2C3D4E5F6012345678AB01 /* CatalogCaptureIntelligenceService.swift */ = {
			isa = PBXFileReference;
			lastKnownFileType = sourcecode.swift;
			name = "CatalogCaptureIntelligenceService.swift";
			path = "OpenSourceShelf/Services/Catalog/CatalogCaptureIntelligenceService.swift";
			sourceTree = SOURCE_ROOT;
		};
		02D2D5F78EDD97A3541D2E6B /* CatalogIntelligenceStateService.swift */ = {
			isa = PBXFileReference;
			lastKnownFileType = sourcecode.swift;
			name = "CatalogIntelligenceStateService.swift";
			path = "OpenSourceShelf/Services/Catalog/CatalogIntelligenceStateService.swift";
			sourceTree = SOURCE_ROOT;
		};
		9CACB97C7EAF0552E46AD707 /* CatalogIntelligenceStatusResolver.swift */ = {
			isa = PBXFileReference;
			lastKnownFileType = sourcecode.swift;
			name = "CatalogIntelligenceStatusResolver.swift";
			path = "OpenSourceShelf/Services/Catalog/CatalogIntelligenceStatusResolver.swift";
			sourceTree = SOURCE_ROOT;
		};
		5AAFBB2D9FDB831C47C4E684 /* CatalogRunbookBatchService.swift */ = {
			isa = PBXFileReference;
			lastKnownFileType = sourcecode.swift;
			name = "CatalogRunbookBatchService.swift";
			path = "OpenSourceShelf/Services/Catalog/CatalogRunbookBatchService.swift";
			sourceTree = SOURCE_ROOT;
		};
		0EC60503784CE708F0D1AF06 /* GraphRelationshipService.swift */ = {
			isa = PBXFileReference;
			lastKnownFileType = sourcecode.swift;
			name = "GraphRelationshipService.swift";
			path = "OpenSourceShelf/Services/Graph/GraphRelationshipService.swift";
			sourceTree = SOURCE_ROOT;
		};
		BFFA2165A7E71CC3BECBFCD4 /* RelationshipInferenceService.swift */ = {
			isa = PBXFileReference;
			lastKnownFileType = sourcecode.swift;
			name = "RelationshipInferenceService.swift";
			path = "OpenSourceShelf/Services/Graph/RelationshipInferenceService.swift";
			sourceTree = SOURCE_ROOT;
		};
		8AF5D8D6CACC04D58569EB17 /* AIAnalysisCache.swift */ = {
			isa = PBXFileReference;
			lastKnownFileType = sourcecode.swift;
			name = "AIAnalysisCache.swift";
			path = "OpenSourceShelf/Services/AIAnalysis/AIAnalysisCache.swift";
			sourceTree = SOURCE_ROOT;
		};
		FEF058F37BDE81889F51BDE3 /* AIAnalysisPromptBuilder.swift */ = {
			isa = PBXFileReference;
			lastKnownFileType = sourcecode.swift;
			name = "AIAnalysisPromptBuilder.swift";
			path = "OpenSourceShelf/Services/AIAnalysis/AIAnalysisPromptBuilder.swift";
			sourceTree = SOURCE_ROOT;
		};
		C42AA436C9514D9720C74969 /* RepositoryAIAnalyzer.swift */ = {
			isa = PBXFileReference;
			lastKnownFileType = sourcecode.swift;
			name = "RepositoryAIAnalyzer.swift";
			path = "OpenSourceShelf/Services/AIAnalysis/RepositoryAIAnalyzer.swift";
			sourceTree = SOURCE_ROOT;
		};
		54B246A54127F4A523EE557F /* RepositoryRunbookService.swift */ = {
			isa = PBXFileReference;
			lastKnownFileType = sourcecode.swift;
			name = "RepositoryRunbookService.swift";
			path = "OpenSourceShelf/Services/Runbooks/RepositoryRunbookService.swift";
			sourceTree = SOURCE_ROOT;
		};
		0BA05A66555039892E6004DE /* RunbookAutoEnqueueService.swift */ = {
			isa = PBXFileReference;
			lastKnownFileType = sourcecode.swift;
			name = "RunbookAutoEnqueueService.swift";
			path = "OpenSourceShelf/Services/Runbooks/RunbookAutoEnqueueService.swift";
			sourceTree = SOURCE_ROOT;
		};
		A416ACD6B943C45F64AE8E8D /* RunbookBundleExportService.swift */ = {
			isa = PBXFileReference;
			lastKnownFileType = sourcecode.swift;
			name = "RunbookBundleExportService.swift";
			path = "OpenSourceShelf/Services/Runbooks/RunbookBundleExportService.swift";
			sourceTree = SOURCE_ROOT;
		};
		1180FDF5272AE6F5D2A994FE /* RunbookCommandCopyService.swift */ = {
			isa = PBXFileReference;
			lastKnownFileType = sourcecode.swift;
			name = "RunbookCommandCopyService.swift";
			path = "OpenSourceShelf/Services/Runbooks/RunbookCommandCopyService.swift";
			sourceTree = SOURCE_ROOT;
		};
		75FE6BD32E03F8D1D8B19261 /* RunbookCommandExtractor.swift */ = {
			isa = PBXFileReference;
			lastKnownFileType = sourcecode.swift;
			name = "RunbookCommandExtractor.swift";
			path = "OpenSourceShelf/Services/Runbooks/RunbookCommandExtractor.swift";
			sourceTree = SOURCE_ROOT;
		};
		6BE9B5C9E4491E5D1637D178 /* RunbookEvidence.swift */ = {
			isa = PBXFileReference;
			lastKnownFileType = sourcecode.swift;
			name = "RunbookEvidence.swift";
			path = "OpenSourceShelf/Services/Runbooks/RunbookEvidence.swift";
			sourceTree = SOURCE_ROOT;
		};
		57F07675C041BA1A9C58E5FF /* RunbookEvidenceCollector.swift */ = {
			isa = PBXFileReference;
			lastKnownFileType = sourcecode.swift;
			name = "RunbookEvidenceCollector.swift";
			path = "OpenSourceShelf/Services/Runbooks/RunbookEvidenceCollector.swift";
			sourceTree = SOURCE_ROOT;
		};
		DE68DABDD7EE81DE7D5C48FE /* RunbookEvidenceComponents.swift */ = {
			isa = PBXFileReference;
			lastKnownFileType = sourcecode.swift;
			name = "RunbookEvidenceComponents.swift";
			path = "OpenSourceShelf/Services/Runbooks/RunbookEvidenceComponents.swift";
			sourceTree = SOURCE_ROOT;
		};
		E50CD20D3353BF15F6F53D83 /* RunbookExportService.swift */ = {
			isa = PBXFileReference;
			lastKnownFileType = sourcecode.swift;
			name = "RunbookExportService.swift";
			path = "OpenSourceShelf/Services/Runbooks/RunbookExportService.swift";
			sourceTree = SOURCE_ROOT;
		};
		20DB80468A55D3FAEC7F9F27 /* RunbookGenerationCoordinator.swift */ = {
			isa = PBXFileReference;
			lastKnownFileType = sourcecode.swift;
			name = "RunbookGenerationCoordinator.swift";
			path = "OpenSourceShelf/Services/Runbooks/RunbookGenerationCoordinator.swift";
			sourceTree = SOURCE_ROOT;
		};
		5FDEAEF52D805CDC36792233 /* RunbookGenerator.swift */ = {
			isa = PBXFileReference;
			lastKnownFileType = sourcecode.swift;
			name = "RunbookGenerator.swift";
			path = "OpenSourceShelf/Services/Runbooks/RunbookGenerator.swift";
			sourceTree = SOURCE_ROOT;
		};
		ABAFCD107CBC572224D6B8F7 /* RunbookMarkdownParser.swift */ = {
			isa = PBXFileReference;
			lastKnownFileType = sourcecode.swift;
			name = "RunbookMarkdownParser.swift";
			path = "OpenSourceShelf/Services/Runbooks/RunbookMarkdownParser.swift";
			sourceTree = SOURCE_ROOT;
		};
		49604D9D340A8EC952A66F52 /* RunbookZipArchiveWriter.swift */ = {
			isa = PBXFileReference;
			lastKnownFileType = sourcecode.swift;
			name = "RunbookZipArchiveWriter.swift";
			path = "OpenSourceShelf/Services/Runbooks/RunbookZipArchiveWriter.swift";
			sourceTree = SOURCE_ROOT;
		};
		B1203B0EC2DD4B2E9911B6A1 /* RecommendationEngine.swift */ = {
			isa = PBXFileReference;
			lastKnownFileType = sourcecode.swift;
			name = "RecommendationEngine.swift";
			path = "OpenSourceShelf/Services/Recommendations/RecommendationEngine.swift";
			sourceTree = SOURCE_ROOT;
		};
		14E85329D567406D375B337B /* RelationshipScoringService.swift */ = {
			isa = PBXFileReference;
			lastKnownFileType = sourcecode.swift;
			name = "RelationshipScoringService.swift";
			path = "OpenSourceShelf/Services/Recommendations/RelationshipScoringService.swift";
			sourceTree = SOURCE_ROOT;
		};
		2CC3151D5B04191AB7A7EA70 /* RepositoryRankingService.swift */ = {
			isa = PBXFileReference;
			lastKnownFileType = sourcecode.swift;
			name = "RepositoryRankingService.swift";
			path = "OpenSourceShelf/Services/Recommendations/RepositoryRankingService.swift";
			sourceTree = SOURCE_ROOT;
		};
		0450655C46CDD078F12F7DAA /* ManifestDetector.swift */ = {
			isa = PBXFileReference;
			lastKnownFileType = sourcecode.swift;
			name = "ManifestDetector.swift";
			path = "OpenSourceShelf/Services/StaticAnalysis/ManifestDetector.swift";
			sourceTree = SOURCE_ROOT;
		};
		C139A60F77F10E140FE38F38 /* RepositoryStaticAnalyzer.swift */ = {
			isa = PBXFileReference;
			lastKnownFileType = sourcecode.swift;
			name = "RepositoryStaticAnalyzer.swift";
			path = "OpenSourceShelf/Services/StaticAnalysis/RepositoryStaticAnalyzer.swift";
			sourceTree = SOURCE_ROOT;
		};
		082AFE872DC494DA68556480 /* StackDetectionService.swift */ = {
			isa = PBXFileReference;
			lastKnownFileType = sourcecode.swift;
			name = "StackDetectionService.swift";
			path = "OpenSourceShelf/Services/StaticAnalysis/StackDetectionService.swift";
			sourceTree = SOURCE_ROOT;
		};
		4D51648FCE91C487DBEE5158 /* ComparisonExplanationService.swift */ = {
			isa = PBXFileReference;
			lastKnownFileType = sourcecode.swift;
			name = "ComparisonExplanationService.swift";
			path = "OpenSourceShelf/Services/Compare/ComparisonExplanationService.swift";
			sourceTree = SOURCE_ROOT;
		};
		AF5B20FA7CB8676C9A08EF0D /* ComparisonExportService.swift */ = {
			isa = PBXFileReference;
			lastKnownFileType = sourcecode.swift;
			name = "ComparisonExportService.swift";
			path = "OpenSourceShelf/Services/Compare/ComparisonExportService.swift";
			sourceTree = SOURCE_ROOT;
		};
		A9AA3F364EB4E903AA06D3C9 /* ComparisonPresetService.swift */ = {
			isa = PBXFileReference;
			lastKnownFileType = sourcecode.swift;
			name = "ComparisonPresetService.swift";
			path = "OpenSourceShelf/Services/Compare/ComparisonPresetService.swift";
			sourceTree = SOURCE_ROOT;
		};
		3132AC92F390B9D11974BA97 /* ComparisonScoringService.swift */ = {
			isa = PBXFileReference;
			lastKnownFileType = sourcecode.swift;
			name = "ComparisonScoringService.swift";
			path = "OpenSourceShelf/Services/Compare/ComparisonScoringService.swift";
			sourceTree = SOURCE_ROOT;
		};
		1A4489A5F8DD88CE295CD524 /* IntelligenceRepositoryBridge.swift */ = {
			isa = PBXFileReference;
			lastKnownFileType = sourcecode.swift;
			name = "IntelligenceRepositoryBridge.swift";
			path = "OpenSourceShelf/Services/Compare/IntelligenceRepositoryBridge.swift";
			sourceTree = SOURCE_ROOT;
		};
		62FABB54B4304CAB1993CEFC /* RepositoryCompareService.swift */ = {
			isa = PBXFileReference;
			lastKnownFileType = sourcecode.swift;
			name = "RepositoryCompareService.swift";
			path = "OpenSourceShelf/Services/Compare/RepositoryCompareService.swift";
			sourceTree = SOURCE_ROOT;
		};
		4C05B086E7E5C1A58482F0CD /* AppQuickAction.swift */ = {
			isa = PBXFileReference;
			lastKnownFileType = sourcecode.swift;
			name = "AppQuickAction.swift";
			path = "OpenSourceShelf/Services/AppRefresh/AppQuickAction.swift";
			sourceTree = SOURCE_ROOT;
		};
		24F7D18C66254538ECAB4B8D /* AppRefreshBus.swift */ = {
			isa = PBXFileReference;
			lastKnownFileType = sourcecode.swift;
			name = "AppRefreshBus.swift";
			path = "OpenSourceShelf/Services/AppRefresh/AppRefreshBus.swift";
			sourceTree = SOURCE_ROOT;
		};
		9CEC687FA0FD5B3C1886B488 /* AppRefreshEvent.swift */ = {
			isa = PBXFileReference;
			lastKnownFileType = sourcecode.swift;
			name = "AppRefreshEvent.swift";
			path = "OpenSourceShelf/Services/AppRefresh/AppRefreshEvent.swift";
			sourceTree = SOURCE_ROOT;
		};
		F13902D1FEB725A89536E07C /* AppRefreshStore.swift */ = {
			isa = PBXFileReference;
			lastKnownFileType = sourcecode.swift;
			name = "AppRefreshStore.swift";
			path = "OpenSourceShelf/Services/AppRefresh/AppRefreshStore.swift";
			sourceTree = SOURCE_ROOT;
		};
		773D62F8BD8A324DE5005EEC /* GitClient.swift */ = {
			isa = PBXFileReference;
			lastKnownFileType = sourcecode.swift;
			name = "GitClient.swift";
			path = "OpenSourceShelf/Services/Git/GitClient.swift";
			sourceTree = SOURCE_ROOT;
		};
		202936AAE54998BFB07C8D03 /* EcosystemDiscoveryService.swift */ = {
			isa = PBXFileReference;
			lastKnownFileType = sourcecode.swift;
			name = "EcosystemDiscoveryService.swift";
			path = "OpenSourceShelf/Services/Ecosystems/EcosystemDiscoveryService.swift";
			sourceTree = SOURCE_ROOT;
		};
		E80AF4F58A457BDB6DD30CCF /* EcosystemRankingService.swift */ = {
			isa = PBXFileReference;
			lastKnownFileType = sourcecode.swift;
			name = "EcosystemRankingService.swift";
			path = "OpenSourceShelf/Services/Ecosystems/EcosystemRankingService.swift";
			sourceTree = SOURCE_ROOT;
		};
		37B4A47885B0DEDF906A22A8 /* WorkflowClusterService.swift */ = {
			isa = PBXFileReference;
			lastKnownFileType = sourcecode.swift;
			name = "WorkflowClusterService.swift";
			path = "OpenSourceShelf/Services/Ecosystems/WorkflowClusterService.swift";
			sourceTree = SOURCE_ROOT;
		};
		A734CCEF338A717792A212FE /* OpenSource Shelf.app */ = {
			isa = PBXFileReference;
			explicitFileType = wrapper.application;
			includeInIndex = 0;
			path = "OpenSource Shelf.app";
			sourceTree = BUILT_PRODUCTS_DIR;
		};
		0035FE99EA2940F7FA633A58 = {
			isa = PBXGroup;
			children = (
				F581B72127F52136210BED03 /* OpenSourceShelfApp.swift */,
				5835EAF30D87A0DEBAE75DCD /* SeedData.swift */,
				FBE2E820F2F24C417942A420 /* AppSettings.swift */,
				AIP1REF01234567890ABCDEF01 /* AIProviderKind.swift */,
				E14FFF135E1C32F7E41B3958 /* ProjectStatus.swift */,
				868BD8CBD1E0AA395EAD3A6F /* SidebarItem.swift */,
				37F255F7393A8F75EB2F40DD /* ToolProject.swift */,
				LAB1REF01234567890ABCDEF01 /* LabsFeatures.swift */,
				CLS1REF01234567890ABCDEF01 /* CatalogListSelection.swift */,
				A52E8C5B37CE17A44D88EA70 /* EmbeddingChunkRecord.swift */,
				3D424D9388C5E6281CE10735 /* SemanticSearchCacheRecord.swift */,
				D6764E798CF4E16BDB8B88A6 /* AIInsightRecord.swift */,
				01DD0CEBD5343C0C44787E9D /* CloneStateRecord.swift */,
				E6D585838F452FA171500408 /* DetectedStackItemRecord.swift */,
				5F59F9A622EF5A00C6DC42B2 /* IngestionJobRecord.swift */,
				E18DD45452C599F7613F258D /* QueueJobSummary.swift */,
				EDA878E57DCDCE82A2E171CD /* RepositoryFileRecord.swift */,
				AAC7A6E12C7DD13CC3DDB160 /* RepositoryManifestRecord.swift */,
				4CB083F8AA79491C629CA857 /* RepositoryMetadataRecord.swift */,
				64D2374F43F4F300343BE1E7 /* RepositoryRecord.swift */,
				8ABACC5D7C84C4808E8B3CEE /* RepositoryRunbookRecord.swift */,
				FE0D5A128D3A9931CFBB22BA /* RepositoryScoreRecord.swift */,
				0A45B098DA4903F036451B15 /* RunbookDeepLink.swift */,
				531E90E31DFAF8ED452738EF /* CatalogIntelligenceState.swift */,
				DD0C372CC45921B00B25CB56 /* CatalogIntelligenceStatus.swift */,
				6EE4135EE0D8F4F50759D0FF /* CatalogRunbookFilter.swift */,
				E579B793830D98DB931CE8A8 /* GraphEdge.swift */,
				4406C0E2B0C3F9EAD4EF2E86 /* GraphLayoutCacheRecord.swift */,
				8557044D32AE50396BF3D3AA /* GraphNode.swift */,
				058D2B85D572C813055694FB /* ExplorationIndexEntryRecord.swift */,
				BB6B6F1B82553D9F614693EB /* ExplorationQueryRecord.swift */,
				BD3D51CC7FC65E54C4A44CFD /* RepositoryRecommendationRecord.swift */,
				8FE75955EA59BA490F5CB342 /* RepositoryComparisonModel.swift */,
				56A3B01F4ED4E8B6EC3C8FE7 /* EcosystemClusterRecord.swift */,
				8E8C0D2D278A4F10E4F2006F /* IntelligenceDatabase.swift */,
				A4C3FBD350354C15CD25D4C1 /* IntelligenceMigrations.swift */,
				3C99B3F72AA294BDE04C273B /* VectorMath.swift */,
				EB786603BBB0BDBED26DFAA5 /* AddProjectSheet.swift */,
				E0ABEAC1B1EDF262B954C1D2 /* ContentView.swift */,
				C1A2F301234567890ABCDEF01 /* CatalogInspectorPane.swift */,
				DC94FFEC40C505E458DF2D8E /* EditProjectSheet.swift */,
				08AA80B2ED996532C6A706ED /* InspectView.swift */,
				9DBC736C4AFEEAF6F58693F5 /* MainWindowChromeConfigurator.swift */,
				ED23E12287561711F05EC690 /* ProjectListView.swift */,
				F9737B2E8F5B37D7E92FE74B /* QueueInspectorView.swift */,
				4F36778795FA792FDAD02220 /* QueueView.swift */,
				Q8W1N001234567890ABCDEF03 /* QueueWindowBridge.swift */,
				RBW3REF01234567890ABCDEF03 /* RunbookWindowBridge.swift */,
				Q7M3N001234567890ABCDEF02 /* QueueMenuPresentationState.swift */,
				R9S3F001234567890ABCDEF06 /* CatalogMenuNotifications.swift */,
				12114FB947EC0105FC94A269 /* QuickCaptureSheet.swift */,
				CE03F1A2B3C4D5E6F7080003 /* ImportURLsSheet.swift */,
				CE07F1A2B3C4D5E6F7080007 /* RestoreBackupSheet.swift */,
				IMPCAT01234567890ABCDEF03 /* ImportCatalogSheet.swift */,
				765C2FE2DBD8E6A07C7B8D3F /* SettingsView.swift */,
				AIP6REF01234567890ABCDEF06 /* CloudAIProviderSettingsCard.swift */,
				24DDEBD0F1DEECC3B4961BA5 /* SidebarView.swift */,
				D4C2412ABE93DE242AA46D62 /* CatalogRunbookBadgeView.swift */,
				8341826173D83305FCF387B0 /* IntelligenceStatusChip.swift */,
				DAED28312AC2FD31548101C1 /* RunbookCompletionBannerView.swift */,
				7B5FECF40CFEE7E479D3626C /* RunbookRenderedMarkdownView.swift */,
				3D7566202D3A7F878D868F3D /* RunbookSectionView.swift */,
				RBW2REF01234567890ABCDEF02 /* RunbookWindowView.swift */,
				CE09123DA955E45099B53153 /* Components.swift */,
				3203B68512C55908255879E3 /* ProjectIcon.swift */,
				47416AA68AE688A1778CB490 /* ShelfLayout.swift */,
				RD01F001234567890ABCDEF09 /* ResizeDivider.swift */,
				CP01F001234567890ABCDEF10 /* CommandPaletteView.swift */,
				R9S4F001234567890ABCDEF08 /* CollapsedSidebarRail.swift */,
				R9S1F001234567890ABCDEF04 /* ReshelfBrandHeader.swift */,
				R9S2F001234567890ABCDEF05 /* ReshelfBrandImage.swift */,
				R9R2F001234567890ABCDEF09 /* AppIcon.icns */,
				R9R1F001234567890ABCDEF07 /* ReshelfBrand.png */,
				SK1LF001234567890ABCDE01 /* reshelf-skill */,
				35785C47030D8FBABA88AF9A /* CompareInspectorView.swift */,
				D823DE0B56FBBE9EA46D8CB4 /* CompareMatrixView.swift */,
				13E0CC7C9B7B221A827AD99F /* ComparePickerView.swift */,
				3C775288E5A7C4EAE2680D52 /* CompareView.swift */,
				7A9C8E3EE1B7EA37ECA3494A /* EcosystemDiscoveryView.swift */,
				07D2AD6B75DA37AAD823A7F8 /* IconFetcher.swift */,
				D4FACC71205A0F08A3FCA160 /* OllamaService.swift */,
				AIP2REF01234567890ABCDEF02 /* AIProviderCredentialStore.swift */,
				AIP3REF01234567890ABCDEF03 /* CloudAICompletionService.swift */,
				AIP4REF01234567890ABCDEF04 /* AICompletionService.swift */,
				AIP5REF01234567890ABCDEF05 /* AISettingsSnapshot.swift */,
				AIP7REF01234567890ABCDEF07 /* AppleIntelligenceService.swift */,
				237E7AA00468CB92FB2FC0A4 /* QuickCaptureService.swift */,
				CE01F1A2B3C4D5E6F7080001 /* CatalogExportService.swift */,
				CE05F1A2B3C4D5E6F7080005 /* CatalogBackupService.swift */,
				CE09F1A2B3C4D5E6F7080009 /* CatalogCloneService.swift */,
				IMPCAT01234567890ABCDEF01 /* CatalogImportService.swift */,
				LUPD00011234567890ABCD /* LastUpdatedBackfillService.swift */,
				LUPD00001234567890ABCD /* GitHubDate.swift */,
				5PARKLE0004234567890ABCD /* UpdaterService.swift */,
				CC01A2B3D4E5F60789ABCDE0 /* CategoryClassifier.swift */,
				011EDAC97AD3411BF259663B /* GitHubRepositoryURL.swift */,
				CAB6FC28BA83F90F9A18E66C /* RepositoryCloneService.swift */,
				7B1335C2DE6DAD98FE5609C2 /* RepositoryIngestionService.swift */,
				2BB066C8C2214BE74AC5968E /* CatalogIntelligenceIngestionService.swift */,
				A1B2C3D4E5F6012345678AB01 /* CatalogCaptureIntelligenceService.swift */,
				02D2D5F78EDD97A3541D2E6B /* CatalogIntelligenceStateService.swift */,
				9CACB97C7EAF0552E46AD707 /* CatalogIntelligenceStatusResolver.swift */,
				5AAFBB2D9FDB831C47C4E684 /* CatalogRunbookBatchService.swift */,
				0EC60503784CE708F0D1AF06 /* GraphRelationshipService.swift */,
				BFFA2165A7E71CC3BECBFCD4 /* RelationshipInferenceService.swift */,
				8AF5D8D6CACC04D58569EB17 /* AIAnalysisCache.swift */,
				FEF058F37BDE81889F51BDE3 /* AIAnalysisPromptBuilder.swift */,
				C42AA436C9514D9720C74969 /* RepositoryAIAnalyzer.swift */,
				54B246A54127F4A523EE557F /* RepositoryRunbookService.swift */,
				0BA05A66555039892E6004DE /* RunbookAutoEnqueueService.swift */,
				A416ACD6B943C45F64AE8E8D /* RunbookBundleExportService.swift */,
				1180FDF5272AE6F5D2A994FE /* RunbookCommandCopyService.swift */,
				75FE6BD32E03F8D1D8B19261 /* RunbookCommandExtractor.swift */,
				6BE9B5C9E4491E5D1637D178 /* RunbookEvidence.swift */,
				57F07675C041BA1A9C58E5FF /* RunbookEvidenceCollector.swift */,
				DE68DABDD7EE81DE7D5C48FE /* RunbookEvidenceComponents.swift */,
				E50CD20D3353BF15F6F53D83 /* RunbookExportService.swift */,
				RBW1REF01234567890ABCDEF01 /* RunbookWindowPresentation.swift */,
				20DB80468A55D3FAEC7F9F27 /* RunbookGenerationCoordinator.swift */,
				5FDEAEF52D805CDC36792233 /* RunbookGenerator.swift */,
				ABAFCD107CBC572224D6B8F7 /* RunbookMarkdownParser.swift */,
				49604D9D340A8EC952A66F52 /* RunbookZipArchiveWriter.swift */,
				B1203B0EC2DD4B2E9911B6A1 /* RecommendationEngine.swift */,
				14E85329D567406D375B337B /* RelationshipScoringService.swift */,
				2CC3151D5B04191AB7A7EA70 /* RepositoryRankingService.swift */,
				0450655C46CDD078F12F7DAA /* ManifestDetector.swift */,
				C139A60F77F10E140FE38F38 /* RepositoryStaticAnalyzer.swift */,
				082AFE872DC494DA68556480 /* StackDetectionService.swift */,
				4D51648FCE91C487DBEE5158 /* ComparisonExplanationService.swift */,
				AF5B20FA7CB8676C9A08EF0D /* ComparisonExportService.swift */,
				A9AA3F364EB4E903AA06D3C9 /* ComparisonPresetService.swift */,
				3132AC92F390B9D11974BA97 /* ComparisonScoringService.swift */,
				1A4489A5F8DD88CE295CD524 /* IntelligenceRepositoryBridge.swift */,
				62FABB54B4304CAB1993CEFC /* RepositoryCompareService.swift */,
				4C05B086E7E5C1A58482F0CD /* AppQuickAction.swift */,
				24F7D18C66254538ECAB4B8D /* AppRefreshBus.swift */,
				9CEC687FA0FD5B3C1886B488 /* AppRefreshEvent.swift */,
				F13902D1FEB725A89536E07C /* AppRefreshStore.swift */,
				773D62F8BD8A324DE5005EEC /* GitClient.swift */,
				202936AAE54998BFB07C8D03 /* EcosystemDiscoveryService.swift */,
				E80AF4F58A457BDB6DD30CCF /* EcosystemRankingService.swift */,
				37B4A47885B0DEDF906A22A8 /* WorkflowClusterService.swift */,
				5BAB63C60BF318DAB40A4F04 /* Products */,
			);
			sourceTree = "<group>";
		};
		5BAB63C60BF318DAB40A4F04 = {
			isa = PBXGroup;
			children = (
				A734CCEF338A717792A212FE /* OpenSource Shelf.app */,
			);
			name = Products;
			sourceTree = "<group>";
		};
		LUPD00012234567890ABCD /* in Sources */ = {
			isa = PBXBuildFile;
			fileRef = LUPD00011234567890ABCD;
		};
		LUPD00002234567890ABCD /* in Sources */ = {
			isa = PBXBuildFile;
			fileRef = LUPD00001234567890ABCD;
		};
		5PARKLE0005234567890ABCD /* in Sources */ = {
			isa = PBXBuildFile;
			fileRef = 5PARKLE0004234567890ABCD;
		};
		IMPCAT01234567890ABCDEF02 /* in Sources */ = {
			isa = PBXBuildFile;
			fileRef = IMPCAT01234567890ABCDEF01;
		};
		IMPCAT01234567890ABCDEF04 /* in Sources */ = {
			isa = PBXBuildFile;
			fileRef = IMPCAT01234567890ABCDEF03;
		};
		CC02B3C4D5E6F71890BCDEF1 /* in Sources */ = {
			isa = PBXBuildFile;
			fileRef = CC01A2B3D4E5F60789ABCDE0;
		};
		4EBE97C8805632E9D6166E20 /* in Sources */ = {
			isa = PBXBuildFile;
			fileRef = F581B72127F52136210BED03;
		};
		F2033FF1EFDA024407F13292 /* in Sources */ = {
			isa = PBXBuildFile;
			fileRef = 5835EAF30D87A0DEBAE75DCD;
		};
		002F4751F7FC9A5FBE360FB1 /* in Sources */ = {
			isa = PBXBuildFile;
			fileRef = FBE2E820F2F24C417942A420;
		};
		DEF4DA349BA405B0E952B67B /* in Sources */ = {
			isa = PBXBuildFile;
			fileRef = E14FFF135E1C32F7E41B3958;
		};
		D30704CE6F993A6E147922F1 /* in Sources */ = {
			isa = PBXBuildFile;
			fileRef = 868BD8CBD1E0AA395EAD3A6F;
		};
		9A351B1C2BFE2065F9BF1608 /* in Sources */ = {
			isa = PBXBuildFile;
			fileRef = 37F255F7393A8F75EB2F40DD;
		};
		9F94068C7A87D4CD41EF2E3A /* in Sources */ = {
			isa = PBXBuildFile;
			fileRef = A52E8C5B37CE17A44D88EA70;
		};
		816B54FE9B12E433F7BCECDC /* in Sources */ = {
			isa = PBXBuildFile;
			fileRef = 3D424D9388C5E6281CE10735;
		};
		0B7F928390FCE2F0D1D5696C /* in Sources */ = {
			isa = PBXBuildFile;
			fileRef = D6764E798CF4E16BDB8B88A6;
		};
		030C225C1E14B46FCEFB22DE /* in Sources */ = {
			isa = PBXBuildFile;
			fileRef = 01DD0CEBD5343C0C44787E9D;
		};
		EF7991614E2AC7FBD3D40F07 /* in Sources */ = {
			isa = PBXBuildFile;
			fileRef = E6D585838F452FA171500408;
		};
		DE53E47A3460823564E6B178 /* in Sources */ = {
			isa = PBXBuildFile;
			fileRef = 5F59F9A622EF5A00C6DC42B2;
		};
		BB93E5A9795F02AF6771CFEC /* in Sources */ = {
			isa = PBXBuildFile;
			fileRef = E18DD45452C599F7613F258D;
		};
		4FEC36337C98EF2C7F9E7198 /* in Sources */ = {
			isa = PBXBuildFile;
			fileRef = EDA878E57DCDCE82A2E171CD;
		};
		9A41503DEA86CA826EDF1C60 /* in Sources */ = {
			isa = PBXBuildFile;
			fileRef = AAC7A6E12C7DD13CC3DDB160;
		};
		22A771DBB640E62424217243 /* in Sources */ = {
			isa = PBXBuildFile;
			fileRef = 4CB083F8AA79491C629CA857;
		};
		5CD0EF1F7E8F08533D1381DA /* in Sources */ = {
			isa = PBXBuildFile;
			fileRef = 64D2374F43F4F300343BE1E7;
		};
		E36946B28469EB59881FEFD6 /* in Sources */ = {
			isa = PBXBuildFile;
			fileRef = 8ABACC5D7C84C4808E8B3CEE;
		};
		9A3343A23E8DEBE739A088D4 /* in Sources */ = {
			isa = PBXBuildFile;
			fileRef = FE0D5A128D3A9931CFBB22BA;
		};
		89FDB727A7B86385FCEB93AD /* in Sources */ = {
			isa = PBXBuildFile;
			fileRef = 0A45B098DA4903F036451B15;
		};
		4A9F27410D648E80C7745B70 /* in Sources */ = {
			isa = PBXBuildFile;
			fileRef = 531E90E31DFAF8ED452738EF;
		};
		E3DEF8B73D9A8B80BFCD4893 /* in Sources */ = {
			isa = PBXBuildFile;
			fileRef = DD0C372CC45921B00B25CB56;
		};
		D3D6DE2DB2AD8BA5A6D7C039 /* in Sources */ = {
			isa = PBXBuildFile;
			fileRef = 6EE4135EE0D8F4F50759D0FF;
		};
		07CF685EF0F0EAE384279518 /* in Sources */ = {
			isa = PBXBuildFile;
			fileRef = E579B793830D98DB931CE8A8;
		};
		F85D35F9D625CA979E184222 /* in Sources */ = {
			isa = PBXBuildFile;
			fileRef = 4406C0E2B0C3F9EAD4EF2E86;
		};
		C034D346EF00013A145A85AA /* in Sources */ = {
			isa = PBXBuildFile;
			fileRef = 8557044D32AE50396BF3D3AA;
		};
		1A129E2107C36AE24537C6B8 /* in Sources */ = {
			isa = PBXBuildFile;
			fileRef = 058D2B85D572C813055694FB;
		};
		D2215AFE01E36666F2D1C9EC /* in Sources */ = {
			isa = PBXBuildFile;
			fileRef = BB6B6F1B82553D9F614693EB;
		};
		F4A1CA21BE8451EFA4D3B692 /* in Sources */ = {
			isa = PBXBuildFile;
			fileRef = BD3D51CC7FC65E54C4A44CFD;
		};
		F36EE8A327281768462D2940 /* in Sources */ = {
			isa = PBXBuildFile;
			fileRef = 8FE75955EA59BA490F5CB342;
		};
		0D5E96A2D90A50024974A989 /* in Sources */ = {
			isa = PBXBuildFile;
			fileRef = 56A3B01F4ED4E8B6EC3C8FE7;
		};
		D8C9EE93B8029986AD6BFE12 /* in Sources */ = {
			isa = PBXBuildFile;
			fileRef = 8E8C0D2D278A4F10E4F2006F;
		};
		471D22C667DA0F6EAF230ABE /* in Sources */ = {
			isa = PBXBuildFile;
			fileRef = A4C3FBD350354C15CD25D4C1;
		};
		4FDED45C42F91E5AF3826062 /* in Sources */ = {
			isa = PBXBuildFile;
			fileRef = 3C99B3F72AA294BDE04C273B;
		};
		8CAEF096D0677D6D7640C435 /* in Sources */ = {
			isa = PBXBuildFile;
			fileRef = EB786603BBB0BDBED26DFAA5;
		};
		A650AF434AD64939BBDF1DFC /* in Sources */ = {
			isa = PBXBuildFile;
			fileRef = E0ABEAC1B1EDF262B954C1D2;
		};
		23A67F25FEBBEE9AC0709693 /* in Sources */ = {
			isa = PBXBuildFile;
			fileRef = DC94FFEC40C505E458DF2D8E;
		};
		A76DA5A54BC8698BFACF93D6 /* in Sources */ = {
			isa = PBXBuildFile;
			fileRef = 08AA80B2ED996532C6A706ED;
		};
		4D829B48536CD6C4A2E19046 /* in Sources */ = {
			isa = PBXBuildFile;
			fileRef = 9DBC736C4AFEEAF6F58693F5;
		};
		14B9BE48C6D6F35A68789D9B /* in Sources */ = {
			isa = PBXBuildFile;
			fileRef = ED23E12287561711F05EC690;
		};
		4774CB7534137FAD2E4A0FD2 /* in Sources */ = {
			isa = PBXBuildFile;
			fileRef = F9737B2E8F5B37D7E92FE74B;
		};
		FB6590393122E3B68270D283 /* in Sources */ = {
			isa = PBXBuildFile;
			fileRef = 4F36778795FA792FDAD02220;
		};
		C1A2F311234567890ABCDEF01 /* CatalogInspectorPane.swift in Sources */ = {
			isa = PBXBuildFile;
			fileRef = C1A2F301234567890ABCDEF01;
		};
		LAB1BUILD1234567890ABCDEF01 /* LabsFeatures.swift in Sources */ = {
			isa = PBXBuildFile;
			fileRef = LAB1REF01234567890ABCDEF01;
		};
		CLS1BUILD1234567890ABCDEF01 /* CatalogListSelection.swift in Sources */ = {
			isa = PBXBuildFile;
			fileRef = CLS1REF01234567890ABCDEF01;
		};
		Q7M3N011234567890ABCDEF02 /* QueueMenuPresentationState.swift in Sources */ = {
			isa = PBXBuildFile;
			fileRef = Q7M3N001234567890ABCDEF02;
		};
		Q8W1N011234567890ABCDEF03 /* QueueWindowBridge.swift in Sources */ = {
			isa = PBXBuildFile;
			fileRef = Q8W1N001234567890ABCDEF03;
		};
		RBW1BUILD1234567890ABCDEF01 /* RunbookWindowPresentation.swift in Sources */ = {
			isa = PBXBuildFile;
			fileRef = RBW1REF01234567890ABCDEF01;
		};
		RBW2BUILD1234567890ABCDEF02 /* RunbookWindowView.swift in Sources */ = {
			isa = PBXBuildFile;
			fileRef = RBW2REF01234567890ABCDEF02;
		};
		RBW3BUILD1234567890ABCDEF03 /* RunbookWindowBridge.swift in Sources */ = {
			isa = PBXBuildFile;
			fileRef = RBW3REF01234567890ABCDEF03;
		};
		RD01B011234567890ABCDEF09 /* ResizeDivider.swift in Sources */ = {
			isa = PBXBuildFile;
			fileRef = RD01F001234567890ABCDEF09;
		};
		CP01B011234567890ABCDEF10 /* CommandPaletteView.swift in Sources */ = {
			isa = PBXBuildFile;
			fileRef = CP01F001234567890ABCDEF10;
		};
		R9S4B011234567890ABCDEF08 /* CollapsedSidebarRail.swift in Sources */ = {
			isa = PBXBuildFile;
			fileRef = R9S4F001234567890ABCDEF08;
		};
		R9S1B011234567890ABCDEF04 /* ReshelfBrandHeader.swift in Sources */ = {
			isa = PBXBuildFile;
			fileRef = R9S1F001234567890ABCDEF04;
		};
		R9S2B011234567890ABCDEF05 /* ReshelfBrandImage.swift in Sources */ = {
			isa = PBXBuildFile;
			fileRef = R9S2F001234567890ABCDEF05;
		};
		R9S3B011234567890ABCDEF06 /* CatalogMenuNotifications.swift in Sources */ = {
			isa = PBXBuildFile;
			fileRef = R9S3F001234567890ABCDEF06;
		};
		R9R2B011234567890ABCDEF09 /* AppIcon.icns in Resources */ = {
			isa = PBXBuildFile;
			fileRef = R9R2F001234567890ABCDEF09;
		};
		R9R1B011234567890ABCDEF07 /* ReshelfBrand.png in Resources */ = {
			isa = PBXBuildFile;
			fileRef = R9R1F001234567890ABCDEF07;
		};
		SK1LB001234567890ABCDE02 /* reshelf-skill in Resources */ = {
			isa = PBXBuildFile;
			fileRef = SK1LF001234567890ABCDE01;
		};
		5E1C4978C31F9EFDF48EDF16 /* in Sources */ = {
			isa = PBXBuildFile;
			fileRef = 12114FB947EC0105FC94A269;
		};
		B4806532CE31844FFC7639DC /* in Sources */ = {
			isa = PBXBuildFile;
			fileRef = 765C2FE2DBD8E6A07C7B8D3F;
		};
		C0C6D61F8DE22A143FF4F43F /* in Sources */ = {
			isa = PBXBuildFile;
			fileRef = 24DDEBD0F1DEECC3B4961BA5;
		};
		E0491C5DAAB15D186D90762E /* in Sources */ = {
			isa = PBXBuildFile;
			fileRef = D4C2412ABE93DE242AA46D62;
		};
		15536811C9AAB627CAEF826F /* in Sources */ = {
			isa = PBXBuildFile;
			fileRef = 8341826173D83305FCF387B0;
		};
		3DB67D12E100631A38C52157 /* in Sources */ = {
			isa = PBXBuildFile;
			fileRef = DAED28312AC2FD31548101C1;
		};
		2928FF45A375FD49B1DBA44C /* in Sources */ = {
			isa = PBXBuildFile;
			fileRef = 7B5FECF40CFEE7E479D3626C;
		};
		9D215C34F1C27DAA0CB71CE9 /* in Sources */ = {
			isa = PBXBuildFile;
			fileRef = 3D7566202D3A7F878D868F3D;
		};
		FC2E495B0D5B48CFDD29EE0B /* in Sources */ = {
			isa = PBXBuildFile;
			fileRef = CE09123DA955E45099B53153;
		};
		E81CE967849EA46EE4133CDC /* in Sources */ = {
			isa = PBXBuildFile;
			fileRef = 3203B68512C55908255879E3;
		};
		967CB7F565F1E5FFDFDAD3EA /* in Sources */ = {
			isa = PBXBuildFile;
			fileRef = 47416AA68AE688A1778CB490;
		};
		B3357BD7977CC3CD3741D75C /* in Sources */ = {
			isa = PBXBuildFile;
			fileRef = 35785C47030D8FBABA88AF9A;
		};
		FD49C3D0CF8C5B5608276732 /* in Sources */ = {
			isa = PBXBuildFile;
			fileRef = D823DE0B56FBBE9EA46D8CB4;
		};
		AE9AC30070EABAED9B45301B /* in Sources */ = {
			isa = PBXBuildFile;
			fileRef = 13E0CC7C9B7B221A827AD99F;
		};
		6D5B4B11E8FB49A211DDA574 /* in Sources */ = {
			isa = PBXBuildFile;
			fileRef = 3C775288E5A7C4EAE2680D52;
		};
		77B5AD86BF585BC23B78E045 /* in Sources */ = {
			isa = PBXBuildFile;
			fileRef = 7A9C8E3EE1B7EA37ECA3494A;
		};
		C5392DFC038F8A68E7A21263 /* in Sources */ = {
			isa = PBXBuildFile;
			fileRef = 07D2AD6B75DA37AAD823A7F8;
		};
		BD82E79C0CF8C385C4169047 /* in Sources */ = {
			isa = PBXBuildFile;
			fileRef = D4FACC71205A0F08A3FCA160;
		};
		AIP1BUILD1234567890ABCDEF01 /* AIProviderKind.swift in Sources */ = {
			isa = PBXBuildFile;
			fileRef = AIP1REF01234567890ABCDEF01;
		};
		AIP2BUILD1234567890ABCDEF02 /* AIProviderCredentialStore.swift in Sources */ = {
			isa = PBXBuildFile;
			fileRef = AIP2REF01234567890ABCDEF02;
		};
		AIP3BUILD1234567890ABCDEF03 /* CloudAICompletionService.swift in Sources */ = {
			isa = PBXBuildFile;
			fileRef = AIP3REF01234567890ABCDEF03;
		};
		AIP4BUILD1234567890ABCDEF04 /* AICompletionService.swift in Sources */ = {
			isa = PBXBuildFile;
			fileRef = AIP4REF01234567890ABCDEF04;
		};
		AIP5BUILD1234567890ABCDEF05 /* AISettingsSnapshot.swift in Sources */ = {
			isa = PBXBuildFile;
			fileRef = AIP5REF01234567890ABCDEF05;
		};
		AIP7BUILD1234567890ABCDEF07 /* AppleIntelligenceService.swift in Sources */ = {
			isa = PBXBuildFile;
			fileRef = AIP7REF01234567890ABCDEF07;
		};
		AIP6BUILD1234567890ABCDEF06 /* CloudAIProviderSettingsCard.swift in Sources */ = {
			isa = PBXBuildFile;
			fileRef = AIP6REF01234567890ABCDEF06;
		};
		233FCACEDD0C4EC0B290CF77 /* in Sources */ = {
			isa = PBXBuildFile;
			fileRef = 237E7AA00468CB92FB2FC0A4;
		};
		CE02F1A2B3C4D5E6F7080002 /* in Sources */ = {
			isa = PBXBuildFile;
			fileRef = CE01F1A2B3C4D5E6F7080001;
		};
		CE04F1A2B3C4D5E6F7080004 /* in Sources */ = {
			isa = PBXBuildFile;
			fileRef = CE03F1A2B3C4D5E6F7080003;
		};
		CE06F1A2B3C4D5E6F7080006 /* in Sources */ = {
			isa = PBXBuildFile;
			fileRef = CE05F1A2B3C4D5E6F7080005;
		};
		CE10F1A2B3C4D5E6F7080010 /* in Sources */ = {
			isa = PBXBuildFile;
			fileRef = CE09F1A2B3C4D5E6F7080009;
		};
		CE08F1A2B3C4D5E6F7080008 /* in Sources */ = {
			isa = PBXBuildFile;
			fileRef = CE07F1A2B3C4D5E6F7080007;
		};
		857F7E93C32C47A1DC69444E /* in Sources */ = {
			isa = PBXBuildFile;
			fileRef = 011EDAC97AD3411BF259663B;
		};
		04AC25DD035CDA826DF27EEB /* in Sources */ = {
			isa = PBXBuildFile;
			fileRef = CAB6FC28BA83F90F9A18E66C;
		};
		DA4BBAA58796583497B507BF /* in Sources */ = {
			isa = PBXBuildFile;
			fileRef = 7B1335C2DE6DAD98FE5609C2;
		};
		F7FEBABA3E4F8A8F7305891B /* in Sources */ = {
			isa = PBXBuildFile;
			fileRef = 2BB066C8C2214BE74AC5968E;
		};
		B2C3D4E5F6012345678ABCD01 /* in Sources */ = {
			isa = PBXBuildFile;
			fileRef = A1B2C3D4E5F6012345678AB01;
		};
		17D6E4F2021554FFAF4D5C2C /* in Sources */ = {
			isa = PBXBuildFile;
			fileRef = 02D2D5F78EDD97A3541D2E6B;
		};
		5B39C7B3A378B1A690B9D271 /* in Sources */ = {
			isa = PBXBuildFile;
			fileRef = 9CACB97C7EAF0552E46AD707;
		};
		C7AB3D39E7D8BB87CC7759D6 /* in Sources */ = {
			isa = PBXBuildFile;
			fileRef = 5AAFBB2D9FDB831C47C4E684;
		};
		79D51C3DE5F40B25EE2218E1 /* in Sources */ = {
			isa = PBXBuildFile;
			fileRef = 0EC60503784CE708F0D1AF06;
		};
		0A2E4F72B82EE5366FDB32E1 /* in Sources */ = {
			isa = PBXBuildFile;
			fileRef = BFFA2165A7E71CC3BECBFCD4;
		};
		1409B45B766F08A3C16F2761 /* in Sources */ = {
			isa = PBXBuildFile;
			fileRef = 8AF5D8D6CACC04D58569EB17;
		};
		12AAA6C02E6C84C6A05038F4 /* in Sources */ = {
			isa = PBXBuildFile;
			fileRef = FEF058F37BDE81889F51BDE3;
		};
		6525BE1CB30952E8F393DBCE /* in Sources */ = {
			isa = PBXBuildFile;
			fileRef = C42AA436C9514D9720C74969;
		};
		FB9A835A058C7BCAC7CF754F /* in Sources */ = {
			isa = PBXBuildFile;
			fileRef = 54B246A54127F4A523EE557F;
		};
		5FDC6204B178E09F3C5D3C2D /* in Sources */ = {
			isa = PBXBuildFile;
			fileRef = 0BA05A66555039892E6004DE;
		};
		7AF7FDEB50F5C52AA9EC982E /* in Sources */ = {
			isa = PBXBuildFile;
			fileRef = A416ACD6B943C45F64AE8E8D;
		};
		92699815A2AE154EDAAEA404 /* in Sources */ = {
			isa = PBXBuildFile;
			fileRef = 1180FDF5272AE6F5D2A994FE;
		};
		DE6F80248BB8C36782EC9806 /* in Sources */ = {
			isa = PBXBuildFile;
			fileRef = 75FE6BD32E03F8D1D8B19261;
		};
		924B9F1AF0343FF8FC1D6880 /* in Sources */ = {
			isa = PBXBuildFile;
			fileRef = 6BE9B5C9E4491E5D1637D178;
		};
		267A59E9AE78F30285B0DCE1 /* in Sources */ = {
			isa = PBXBuildFile;
			fileRef = 57F07675C041BA1A9C58E5FF;
		};
		6DA02A51453642004989AC26 /* in Sources */ = {
			isa = PBXBuildFile;
			fileRef = DE68DABDD7EE81DE7D5C48FE;
		};
		0497637B4846BD419DB0007D /* in Sources */ = {
			isa = PBXBuildFile;
			fileRef = E50CD20D3353BF15F6F53D83;
		};
		0CB0E35050AD74E3B83C37B6 /* in Sources */ = {
			isa = PBXBuildFile;
			fileRef = 20DB80468A55D3FAEC7F9F27;
		};
		A3B0012E13CF0DB5D70A02E8 /* in Sources */ = {
			isa = PBXBuildFile;
			fileRef = 5FDEAEF52D805CDC36792233;
		};
		CB1A5B95514ACA781C1C9330 /* in Sources */ = {
			isa = PBXBuildFile;
			fileRef = ABAFCD107CBC572224D6B8F7;
		};
		E52DA6C26C20AF9B95F587B4 /* in Sources */ = {
			isa = PBXBuildFile;
			fileRef = 49604D9D340A8EC952A66F52;
		};
		A03495AA13DFC21137BAD75A /* in Sources */ = {
			isa = PBXBuildFile;
			fileRef = B1203B0EC2DD4B2E9911B6A1;
		};
		69615BA83FF63DD7D6B2B7D3 /* in Sources */ = {
			isa = PBXBuildFile;
			fileRef = 14E85329D567406D375B337B;
		};
		B0D98B66F902495F28A7BEBB /* in Sources */ = {
			isa = PBXBuildFile;
			fileRef = 2CC3151D5B04191AB7A7EA70;
		};
		37AEF26CB0F02D1B2552247E /* in Sources */ = {
			isa = PBXBuildFile;
			fileRef = 0450655C46CDD078F12F7DAA;
		};
		0FDBD250D68D05CA730D05D6 /* in Sources */ = {
			isa = PBXBuildFile;
			fileRef = C139A60F77F10E140FE38F38;
		};
		08E9C5C59AD32B546BFBD5E3 /* in Sources */ = {
			isa = PBXBuildFile;
			fileRef = 082AFE872DC494DA68556480;
		};
		9B1BAA9891744D98280EE169 /* in Sources */ = {
			isa = PBXBuildFile;
			fileRef = 4D51648FCE91C487DBEE5158;
		};
		965DB95F817EA0357B62FEB2 /* in Sources */ = {
			isa = PBXBuildFile;
			fileRef = AF5B20FA7CB8676C9A08EF0D;
		};
		24094B0CD1330F05CCBBE7EF /* in Sources */ = {
			isa = PBXBuildFile;
			fileRef = A9AA3F364EB4E903AA06D3C9;
		};
		FBFBE68A85914DEFBCB6D45C /* in Sources */ = {
			isa = PBXBuildFile;
			fileRef = 3132AC92F390B9D11974BA97;
		};
		973B5B8D42EBB964A0579EF3 /* in Sources */ = {
			isa = PBXBuildFile;
			fileRef = 1A4489A5F8DD88CE295CD524;
		};
		0C921DF5ED923F58168B442B /* in Sources */ = {
			isa = PBXBuildFile;
			fileRef = 62FABB54B4304CAB1993CEFC;
		};
		9D37177926F921946B53C89E /* in Sources */ = {
			isa = PBXBuildFile;
			fileRef = 4C05B086E7E5C1A58482F0CD;
		};
		E0AE16AA09670B59E9621B8E /* in Sources */ = {
			isa = PBXBuildFile;
			fileRef = 24F7D18C66254538ECAB4B8D;
		};
		D6270638B39BC304C3503AAB /* in Sources */ = {
			isa = PBXBuildFile;
			fileRef = 9CEC687FA0FD5B3C1886B488;
		};
		AFD087A4862C9B38B43C73C7 /* in Sources */ = {
			isa = PBXBuildFile;
			fileRef = F13902D1FEB725A89536E07C;
		};
		81CD159536F64C1E4CCCE59C /* in Sources */ = {
			isa = PBXBuildFile;
			fileRef = 773D62F8BD8A324DE5005EEC;
		};
		4A1B43F74192BAD2CB7C1339 /* in Sources */ = {
			isa = PBXBuildFile;
			fileRef = 202936AAE54998BFB07C8D03;
		};
		6F6FE6969E500BF5434F77C0 /* in Sources */ = {
			isa = PBXBuildFile;
			fileRef = E80AF4F58A457BDB6DD30CCF;
		};
		9D32B078193B3AEAA7B94BD5 /* in Sources */ = {
			isa = PBXBuildFile;
			fileRef = 37B4A47885B0DEDF906A22A8;
		};
		64353B5CB9B8DE5AA33C7EB9 /* GRDB in Frameworks */ = {
			isa = PBXBuildFile;
			productRef = F429640EF7600E3151FF9C01 /* GRDB */;
		};
		5PARKLE0003234567890ABCD /* Sparkle in Frameworks */ = {
			isa = PBXBuildFile;
			productRef = 5PARKLE0002234567890ABCD /* Sparkle */;
		};
		9E440566B19C12EF065B2306 = {
			isa = PBXNativeTarget;
			buildConfigurationList = 6CE969E4282D97D68D1426C9;
			buildPhases = (
				25C0F6508062A578DA9C6120,
				R9RES01234567890ABCDEF08 /* Resources */,
				990EC40CD4283E5380995E5F,
			);
			buildRules = (
			);
			dependencies = (
			);
			name = "OpenSource Shelf";
			productName = "OpenSource Shelf";
			productReference = A734CCEF338A717792A212FE;
			productType = "com.apple.product-type.application";
			packageProductDependencies = (
				F429640EF7600E3151FF9C01 /* GRDB */,
				5PARKLE0002234567890ABCD /* Sparkle */,
			);
		};
		R9RES01234567890ABCDEF08 /* Resources */ = {
			isa = PBXResourcesBuildPhase;
			buildActionMask = 2147483647;
			files = (
				R9R2B011234567890ABCDEF09 /* AppIcon.icns in Resources */,
				R9R1B011234567890ABCDEF07 /* ReshelfBrand.png in Resources */,
				SK1LB001234567890ABCDE02 /* reshelf-skill in Resources */,
			);
			runOnlyForDeploymentPostprocessing = 0;
		};
		25C0F6508062A578DA9C6120 = {
			isa = PBXSourcesBuildPhase;
			runOnlyForDeploymentPostprocessing = 0;
			files = (
				LUPD00012234567890ABCD,
				LUPD00002234567890ABCD,
				5PARKLE0005234567890ABCD,
				IMPCAT01234567890ABCDEF04,
				IMPCAT01234567890ABCDEF02,
				CE02F1A2B3C4D5E6F7080002,
				CE04F1A2B3C4D5E6F7080004,
				CE06F1A2B3C4D5E6F7080006,
				CE08F1A2B3C4D5E6F7080008,
				CE10F1A2B3C4D5E6F7080010,
				4EBE97C8805632E9D6166E20,
				F2033FF1EFDA024407F13292,
				002F4751F7FC9A5FBE360FB1,
				DEF4DA349BA405B0E952B67B,
				D30704CE6F993A6E147922F1,
				9A351B1C2BFE2065F9BF1608,
				9F94068C7A87D4CD41EF2E3A,
				816B54FE9B12E433F7BCECDC,
				0B7F928390FCE2F0D1D5696C,
				030C225C1E14B46FCEFB22DE,
				EF7991614E2AC7FBD3D40F07,
				DE53E47A3460823564E6B178,
				BB93E5A9795F02AF6771CFEC,
				4FEC36337C98EF2C7F9E7198,
				9A41503DEA86CA826EDF1C60,
				22A771DBB640E62424217243,
				5CD0EF1F7E8F08533D1381DA,
				E36946B28469EB59881FEFD6,
				9A3343A23E8DEBE739A088D4,
				89FDB727A7B86385FCEB93AD,
				4A9F27410D648E80C7745B70,
				E3DEF8B73D9A8B80BFCD4893,
				D3D6DE2DB2AD8BA5A6D7C039,
				07CF685EF0F0EAE384279518,
				F85D35F9D625CA979E184222,
				C034D346EF00013A145A85AA,
				1A129E2107C36AE24537C6B8,
				D2215AFE01E36666F2D1C9EC,
				F4A1CA21BE8451EFA4D3B692,
				F36EE8A327281768462D2940,
				0D5E96A2D90A50024974A989,
				D8C9EE93B8029986AD6BFE12,
				471D22C667DA0F6EAF230ABE,
				4FDED45C42F91E5AF3826062,
				8CAEF096D0677D6D7640C435,
				A650AF434AD64939BBDF1DFC,
				23A67F25FEBBEE9AC0709693,
				A76DA5A54BC8698BFACF93D6,
				4D829B48536CD6C4A2E19046,
				14B9BE48C6D6F35A68789D9B,
				4774CB7534137FAD2E4A0FD2,
				FB6590393122E3B68270D283,
				C1A2F311234567890ABCDEF01,
				LAB1BUILD1234567890ABCDEF01,
				CLS1BUILD1234567890ABCDEF01,
				Q7M3N011234567890ABCDEF02,
				Q8W1N011234567890ABCDEF03,
				RBW3BUILD1234567890ABCDEF03,
				RBW1BUILD1234567890ABCDEF01,
				RBW2BUILD1234567890ABCDEF02,
				RD01B011234567890ABCDEF09,
				CP01B011234567890ABCDEF10,
				R9S4B011234567890ABCDEF08,
				R9S1B011234567890ABCDEF04,
				R9S2B011234567890ABCDEF05,
				R9S3B011234567890ABCDEF06,
				5E1C4978C31F9EFDF48EDF16,
				B4806532CE31844FFC7639DC,
				C0C6D61F8DE22A143FF4F43F,
				E0491C5DAAB15D186D90762E,
				15536811C9AAB627CAEF826F,
				3DB67D12E100631A38C52157,
				2928FF45A375FD49B1DBA44C,
				9D215C34F1C27DAA0CB71CE9,
				FC2E495B0D5B48CFDD29EE0B,
				E81CE967849EA46EE4133CDC,
				967CB7F565F1E5FFDFDAD3EA,
				B3357BD7977CC3CD3741D75C,
				FD49C3D0CF8C5B5608276732,
				AE9AC30070EABAED9B45301B,
				6D5B4B11E8FB49A211DDA574,
				77B5AD86BF585BC23B78E045,
				C5392DFC038F8A68E7A21263,
				BD82E79C0CF8C385C4169047,
				AIP1BUILD1234567890ABCDEF01,
				AIP2BUILD1234567890ABCDEF02,
				AIP3BUILD1234567890ABCDEF03,
				AIP4BUILD1234567890ABCDEF04,
				AIP5BUILD1234567890ABCDEF05,
				AIP6BUILD1234567890ABCDEF06,
				AIP7BUILD1234567890ABCDEF07,
				233FCACEDD0C4EC0B290CF77,
				857F7E93C32C47A1DC69444E,
				04AC25DD035CDA826DF27EEB,
				DA4BBAA58796583497B507BF,
				F7FEBABA3E4F8A8F7305891B,
				B2C3D4E5F6012345678ABCD01,
				17D6E4F2021554FFAF4D5C2C,
				5B39C7B3A378B1A690B9D271,
				C7AB3D39E7D8BB87CC7759D6,
				79D51C3DE5F40B25EE2218E1,
				0A2E4F72B82EE5366FDB32E1,
				1409B45B766F08A3C16F2761,
				12AAA6C02E6C84C6A05038F4,
				6525BE1CB30952E8F393DBCE,
				FB9A835A058C7BCAC7CF754F,
				5FDC6204B178E09F3C5D3C2D,
				7AF7FDEB50F5C52AA9EC982E,
				92699815A2AE154EDAAEA404,
				DE6F80248BB8C36782EC9806,
				924B9F1AF0343FF8FC1D6880,
				267A59E9AE78F30285B0DCE1,
				6DA02A51453642004989AC26,
				0497637B4846BD419DB0007D,
				0CB0E35050AD74E3B83C37B6,
				A3B0012E13CF0DB5D70A02E8,
				CB1A5B95514ACA781C1C9330,
				E52DA6C26C20AF9B95F587B4,
				A03495AA13DFC21137BAD75A,
				69615BA83FF63DD7D6B2B7D3,
				B0D98B66F902495F28A7BEBB,
				37AEF26CB0F02D1B2552247E,
				0FDBD250D68D05CA730D05D6,
				08E9C5C59AD32B546BFBD5E3,
				9B1BAA9891744D98280EE169,
				965DB95F817EA0357B62FEB2,
				24094B0CD1330F05CCBBE7EF,
				FBFBE68A85914DEFBCB6D45C,
				973B5B8D42EBB964A0579EF3,
				0C921DF5ED923F58168B442B,
				9D37177926F921946B53C89E,
				E0AE16AA09670B59E9621B8E,
				D6270638B39BC304C3503AAB,
				AFD087A4862C9B38B43C73C7,
				81CD159536F64C1E4CCCE59C,
				4A1B43F74192BAD2CB7C1339,
				6F6FE6969E500BF5434F77C0,
				9D32B078193B3AEAA7B94BD5,
				CC02B3C4D5E6F71890BCDEF1,
			);
		};
		990EC40CD4283E5380995E5F /* Frameworks */ = {
			isa = PBXFrameworksBuildPhase;
			buildActionMask = 2147483647;
			files = (
				64353B5CB9B8DE5AA33C7EB9 /* GRDB in Frameworks */,
				5PARKLE0003234567890ABCD /* Sparkle in Frameworks */,
			);
			runOnlyForDeploymentPostprocessing = 0;
		};
		6CE969E4282D97D68D1426C9 = {
			isa = XCConfigurationList;
			buildConfigurations = (
				66D09403F7849D9854AC511F, 3FBDF53BA0E005C02AB9F439,
			);
			defaultConfigurationIsVisible = 0;
			defaultConfigurationName = Release;
		};
		66D09403F7849D9854AC511F = {
			isa = XCBuildConfiguration;
			buildSettings = {
				ALWAYS_SEARCH_USER_PATHS = NO;
				ASSETCATALOG_COMPILER_APPICON_NAME = AppIcon;
				CODE_SIGN_STYLE = Automatic;
				COMBINE_HIDPI_IMAGES = YES;
				ENABLE_PREVIEWS = YES;
				INFOPLIST_FILE = "OpenSourceShelf/Info.plist";
				LD_RUNPATH_SEARCH_PATHS = (
					"$(inherited)",
					"@executable_path/../Frameworks",
				);
				MACOSX_DEPLOYMENT_TARGET = 14.0;
				PRODUCT_BUNDLE_IDENTIFIER = com.kika.opensourceshelf;
				PRODUCT_NAME = "reshelf";
				SWIFT_ACTIVE_COMPILATION_CONDITIONS = DEBUG;
				SWIFT_VERSION = 5.0;
			};
			name = Debug;
		};
		3FBDF53BA0E005C02AB9F439 = {
			isa = XCBuildConfiguration;
			buildSettings = {
				ALWAYS_SEARCH_USER_PATHS = NO;
				ASSETCATALOG_COMPILER_APPICON_NAME = AppIcon;
				CODE_SIGN_STYLE = Automatic;
				COMBINE_HIDPI_IMAGES = YES;
				ENABLE_PREVIEWS = YES;
				INFOPLIST_FILE = "OpenSourceShelf/Info.plist";
				LD_RUNPATH_SEARCH_PATHS = (
					"$(inherited)",
					"@executable_path/../Frameworks",
				);
				MACOSX_DEPLOYMENT_TARGET = 14.0;
				PRODUCT_BUNDLE_IDENTIFIER = com.kika.opensourceshelf;
				PRODUCT_NAME = "reshelf";
				SWIFT_VERSION = 5.0;
			};
			name = Release;
		};
		EC553E7FBC3AD0AD7AB94BDF = {
			isa = PBXProject;
			attributes = { BuildIndependentTargetsInParallel = 1; };
			buildConfigurationList = 6CE969E4282D97D68D1426C9;
			compatibilityVersion = "Xcode 15.0";
			developmentRegion = en;
			hasScannedForEncodings = 0;
			knownRegions = (en,);
			mainGroup = 0035FE99EA2940F7FA633A58;
			packageReferences = (
				0F323D8ADDC4DEC1E137266C /* XCRemoteSwiftPackageReference "GRDB.swift" */,
				5PARKLE0001234567890ABCD /* XCRemoteSwiftPackageReference "Sparkle" */,
			);
			productRefGroup = 5BAB63C60BF318DAB40A4F04;
			projectDirPath = "";
			projectRoot = "";
			targets = (9E440566B19C12EF065B2306,);
		};
		F429640EF7600E3151FF9C01 /* GRDB */ = {
			isa = XCSwiftPackageProductDependency;
			package = 0F323D8ADDC4DEC1E137266C /* XCRemoteSwiftPackageReference "GRDB.swift" */;
			productName = GRDB;
		};
		0F323D8ADDC4DEC1E137266C /* XCRemoteSwiftPackageReference "GRDB.swift" */ = {
			isa = XCRemoteSwiftPackageReference;
			repositoryURL = "https://github.com/groue/GRDB.swift.git";
			requirement = {
				kind = upToNextMajorVersion;
				minimumVersion = 7.10.0;
			};
		};
		5PARKLE0002234567890ABCD /* Sparkle */ = {
			isa = XCSwiftPackageProductDependency;
			package = 5PARKLE0001234567890ABCD /* XCRemoteSwiftPackageReference "Sparkle" */;
			productName = Sparkle;
		};
		5PARKLE0001234567890ABCD /* XCRemoteSwiftPackageReference "Sparkle" */ = {
			isa = XCRemoteSwiftPackageReference;
			repositoryURL = "https://github.com/sparkle-project/Sparkle.git";
			requirement = {
				kind = upToNextMajorVersion;
				minimumVersion = 2.9.4;
			};
		};
	};
	rootObject = EC553E7FBC3AD0AD7AB94BDF /* Project object */;
}